
Microsoft Visual Studio Solution File, Format Version 12.00
# Visual Studio Version 17
VisualStudioVersion = 17.2.32616.157
MinimumVisualStudioVersion = 10.0.40219.1
Project("{9A19103F-16F7-4668-BE54-9A1E7A4F7556}") = "RabbitMQProducer", "RabbitMQProducer\RabbitMQProducer.csproj", "{EA19295D-B72F-4351-9E42-9A1592DA8C17}"
EndProject
Project("{9A19103F-16F7-4668-BE54-9A1E7A4F7556}") = "RabbitMQConsumer", "RabbitMQConsumer\RabbitMQConsumer.csproj", "{910F6F7B-2584-4425-9D0F-D41061F4D937}"
EndProject
Global
	GlobalSection(SolutionConfigurationPlatforms) = preSolution
		Debug|Any CPU = Debug|Any CPU
		Release|Any CPU = Release|Any CPU
	EndGlobalSection
	GlobalSection(ProjectConfigurationPlatforms) = postSolution
		{EA19295D-B72F-4351-9E42-9A1592DA8C17}.Debug|Any CPU.ActiveCfg = Debug|Any CPU
		{EA19295D-B72F-4351-9E42-9A1592DA8C17}.Debug|Any CPU.Build.0 = Debug|Any CPU
		{EA19295D-B72F-4351-9E42-9A1592DA8C17}.Release|Any CPU.ActiveCfg = Release|Any CPU
		{EA19295D-B72F-4351-9E42-9A1592DA8C17}.Release|Any CPU.Build.0 = Release|Any CPU
		{910F6F7B-2584-4425-9D0F-D41061F4D937}.Debug|Any CPU.ActiveCfg = Debug|Any CPU
		{910F6F7B-2584-4425-9D0F-D41061F4D937}.Debug|Any CPU.Build.0 = Debug|Any CPU
		{910F6F7B-2584-4425-9D0F-D41061F4D937}.Release|Any CPU.ActiveCfg = Release|Any CPU
		{910F6F7B-2584-4425-9D0F-D41061F4D937}.Release|Any CPU.Build.0 = Release|Any CPU
	EndGlobalSection
	GlobalSection(SolutionProperties) = preSolution
		HideSolutionNode = FALSE
	EndGlobalSection
	GlobalSection(ExtensibilityGlobals) = postSolution
		SolutionGuid = {3F23DEEF-6B7A-4CD7-A263-140E086E0FF9}
	EndGlobalSection
EndGlobal
